
Microsoft Visual Studio Solution File, Format Version 12.00
# Visual Studio Version 16
VisualStudioVersion = 16.0.33529.622
MinimumVisualStudioVersion = 10.0.40219.1
Project("{FAE04EC0-301F-11D3-BF4B-00C04F79EFBC}") = "webview_wpf_demonstration", "webview_wpf_demonstration\webview_wpf_demonstration.csproj", "{00D2EE25-9E2D-4CC2-B394-17CAF0243EB1}"
EndProject
Global
	GlobalSection(SolutionConfigurationPlatforms) = preSolution
		Debug|Any CPU = Debug|Any CPU
		Release|Any CPU = Release|Any CPU
	EndGlobalSection
	GlobalSection(ProjectConfigurationPlatforms) = postSolution
		{00D2EE25-9E2D-4CC2-B394-17CAF0243EB1}.Debug|Any CPU.ActiveCfg = Debug|Any CPU
		{00D2EE25-9E2D-4CC2-B394-17CAF0243EB1}.Debug|Any CPU.Build.0 = Debug|Any CPU
		{00D2EE25-9E2D-4CC2-B394-17CAF0243EB1}.Release|Any CPU.ActiveCfg = Release|Any CPU
		{00D2EE25-9E2D-4CC2-B394-17CAF0243EB1}.Release|Any CPU.Build.0 = Release|Any CPU
	EndGlobalSection
	GlobalSection(SolutionProperties) = preSolution
		HideSolutionNode = FALSE
	EndGlobalSection
	GlobalSection(ExtensibilityGlobals) = postSolution
		SolutionGuid = {F3AA9B35-A190-4293-BAC5-A121C01CB8F2}
	EndGlobalSection
EndGlobal
